
Microsoft Visual Studio Solution File, Format Version 12.00
# Visual Studio Version 17
VisualStudioVersion = 17.9.34701.34
MinimumVisualStudioVersion = 10.0.40219.1
Project("{FAE04EC0-301F-11D3-BF4B-00C04F79EFBC}") = "Wellness360", "Wellness360.csproj", "{C717A0B5-2158-41AA-9FA5-C6E81F9D0179}"
EndProject
Global
	GlobalSection(SolutionConfigurationPlatforms) = preSolution
		Debug|Any CPU = Debug|Any CPU
		Release|Any CPU = Release|Any CPU
	EndGlobalSection
	GlobalSection(ProjectConfigurationPlatforms) = postSolution
		{C717A0B5-2158-41AA-9FA5-C6E81F9D0179}.Debug|Any CPU.ActiveCfg = Debug|Any CPU
		{C717A0B5-2158-41AA-9FA5-C6E81F9D0179}.Debug|Any CPU.Build.0 = Debug|Any CPU
		{C717A0B5-2158-41AA-9FA5-C6E81F9D0179}.Release|Any CPU.ActiveCfg = Release|Any CPU
		{C717A0B5-2158-41AA-9FA5-C6E81F9D0179}.Release|Any CPU.Build.0 = Release|Any CPU
	EndGlobalSection
	GlobalSection(SolutionProperties) = preSolution
		HideSolutionNode = FALSE
	EndGlobalSection
	GlobalSection(ExtensibilityGlobals) = postSolution
		SolutionGuid = {740E39DC-FE9F-4D7A-97C0-3BD19AAC8D37}
	EndGlobalSection
EndGlobal
